// !$*UTF8*$!
{
	archiveVersion = 1;
	classes = {
	};
	objectVersion = 56;
	objects = {

/* Begin PBXBuildFile section */
		A53956632C274213002DB50D /* Day42PaulHudsonMoonshotApp.swift in Sources */ = {isa = PBXBuildFile; fileRef = A53956622C274213002DB50D /* Day42PaulHudsonMoonshotApp.swift */; };
		A53956652C274213002DB50D /* ContentView.swift in Sources */ = {isa = PBXBuildFile; fileRef = A53956642C274213002DB50D /* ContentView.swift */; };
		A53956672C274214002DB50D /* Assets.xcassets in Resources */ = {isa = PBXBuildFile; fileRef = A53956662C274214002DB50D /* Assets.xcassets */; };
		A539566A2C274214002DB50D /* Preview Assets.xcassets in Resources */ = {isa = PBXBuildFile; fileRef = A53956692C274214002DB50D /* Preview Assets.xcassets */; };
		A53956752C28981E002DB50D /* Astronaut.swift in Sources */ = {isa = PBXBuildFile; fileRef = A53956742C28981E002DB50D /* Astronaut.swift */; };
		A53956772C28989D002DB50D /* Missions.swift in Sources */ = {isa = PBXBuildFile; fileRef = A53956762C28989D002DB50D /* Missions.swift */; };
		A539567D2C28ABB5002DB50D /* Bundle-Decodable.swift in Sources */ = {isa = PBXBuildFile; fileRef = A539567C2C28ABB5002DB50D /* Bundle-Decodable.swift */; };
		A539568D2C28DE21002DB50D /* MissionView.swift in Sources */ = {isa = PBXBuildFile; fileRef = A539568C2C28DE21002DB50D /* MissionView.swift */; };
		A539568F2C290610002DB50D /* AstronautView.swift in Sources */ = {isa = PBXBuildFile; fileRef = A539568E2C290610002DB50D /* AstronautView.swift */; };
		A53956922C2906F9002DB50D /* missions.json in Resources */ = {isa = PBXBuildFile; fileRef = A53956902C2906F9002DB50D /* missions.json */; };
		A53956932C2906F9002DB50D /* astronauts.json in Resources */ = {isa = PBXBuildFile; fileRef = A53956912C2906F9002DB50D /* astronauts.json */; };
		A560878D2C29BB5600BB3F1C /* Color-Theme.swift in Sources */ = {isa = PBXBuildFile; fileRef = A560878C2C29BB5600BB3F1C /* Color-Theme.swift */; };
/* End PBXBuildFile section */

/* Begin PBXFileReference section */
		A539565F2C274213002DB50D /* Day42PaulHudsonMoonshot.app */ = {isa = PBXFileReference; explicitFileType = wrapper.application; includeInIndex = 0; path = Day42PaulHudsonMoonshot.app; sourceTree = BUILT_PRODUCTS_DIR; };
		A53956622C274213002DB50D /* Day42PaulHudsonMoonshotApp.swift */ = {isa = PBXFileReference; lastKnownFileType = sourcecode.swift; path = Day42PaulHudsonMoonshotApp.swift; sourceTree = "<group>"; };
		A53956642C274213002DB50D /* ContentView.swift */ = {isa = PBXFileReference; lastKnownFileType = sourcecode.swift; path = ContentView.swift; sourceTree = "<group>"; };
		A53956662C274214002DB50D /* Assets.xcassets */ = {isa = PBXFileReference; lastKnownFileType = folder.assetcatalog; path = Assets.xcassets; sourceTree = "<group>"; };
		A53956692C274214002DB50D /* Preview Assets.xcassets */ = {isa = PBXFileReference; lastKnownFileType = folder.assetcatalog; path = "Preview Assets.xcassets"; sourceTree = "<group>"; };
		A53956742C28981E002DB50D /* Astronaut.swift */ = {isa = PBXFileReference; lastKnownFileType = sourcecode.swift; path = Astronaut.swift; sourceTree = "<group>"; };
		A53956762C28989D002DB50D /* Missions.swift */ = {isa = PBXFileReference; lastKnownFileType = sourcecode.swift; path = Missions.swift; sourceTree = "<group>"; };
		A539567C2C28ABB5002DB50D /* Bundle-Decodable.swift */ = {isa = PBXFileReference; lastKnownFileType = sourcecode.swift; path = "Bundle-Decodable.swift"; sourceTree = "<group>"; };
		A539568C2C28DE21002DB50D /* MissionView.swift */ = {isa = PBXFileReference; lastKnownFileType = sourcecode.swift; path = MissionView.swift; sourceTree = "<group>"; };
		A539568E2C290610002DB50D /* AstronautView.swift */ = {isa = PBXFileReference; lastKnownFileType = sourcecode.swift; path = AstronautView.swift; sourceTree = "<group>"; };
		A53956902C2906F9002DB50D /* missions.json */ = {isa = PBXFileReference; fileEncoding = 4; lastKnownFileType = text.json; path = missions.json; sourceTree = "<group>"; };
		A53956912C2906F9002DB50D /* astronauts.json */ = {isa = PBXFileReference; fileEncoding = 4; lastKnownFileType = text.json; path = astronauts.json; sourceTree = "<group>"; };
		A560878C2C29BB5600BB3F1C /* Color-Theme.swift */ = {isa = PBXFileReference; lastKnownFileType = sourcecode.swift; path = "Color-Theme.swift"; sourceTree = "<group>"; };
/* End PBXFileReference section */

/* Begin PBXFrameworksBuildPhase section */
		A539565C2C274213002DB50D /* Frameworks */ = {
			isa = PBXFrameworksBuildPhase;
			buildActionMask = 2147483647;
			files = (
			);
			runOnlyForDeploymentPostprocessing = 0;
		};
/* End PBXFrameworksBuildPhase section */

/* Begin PBXGroup section */
		A53956562C274213002DB50D = {
			isa = PBXGroup;
			children = (
				A53956612C274213002DB50D /* Day42PaulHudsonMoonshot */,
				A53956602C274213002DB50D /* Products */,
			);
			sourceTree = "<group>";
		};
		A53956602C274213002DB50D /* Products */ = {
			isa = PBXGroup;
			children = (
				A539565F2C274213002DB50D /* Day42PaulHudsonMoonshot.app */,
			);
			name = Products;
			sourceTree = "<group>";
		};
		A53956612C274213002DB50D /* Day42PaulHudsonMoonshot */ = {
			isa = PBXGroup;
			children = (
				A53956622C274213002DB50D /* Day42PaulHudsonMoonshotApp.swift */,
				A539568E2C290610002DB50D /* AstronautView.swift */,
				A53956642C274213002DB50D /* ContentView.swift */,
				A539568C2C28DE21002DB50D /* MissionView.swift */,
				A539567C2C28ABB5002DB50D /* Bundle-Decodable.swift */,
				A53956742C28981E002DB50D /* Astronaut.swift */,
				A53956912C2906F9002DB50D /* astronauts.json */,
				A53956902C2906F9002DB50D /* missions.json */,
				A53956762C28989D002DB50D /* Missions.swift */,
				A560878C2C29BB5600BB3F1C /* Color-Theme.swift */,
				A53956662C274214002DB50D /* Assets.xcassets */,
				A53956682C274214002DB50D /* Preview Content */,
			);
			path = Day42PaulHudsonMoonshot;
			sourceTree = "<group>";
		};
		A53956682C274214002DB50D /* Preview Content */ = {
			isa = PBXGroup;
			children = (
				A53956692C274214002DB50D /* Preview Assets.xcassets */,
			);
			path = "Preview Content";
			sourceTree = "<group>";
		};
/* End PBXGroup section */

/* Begin PBXNativeTarget section */
		A539565E2C274213002DB50D /* Day42PaulHudsonMoonshot */ = {
			isa = PBXNativeTarget;
			buildConfigurationList = A539566D2C274214002DB50D /* Build configuration list for PBXNativeTarget "Day42PaulHudsonMoonshot" */;
			buildPhases = (
				A539565B2C274213002DB50D /* Sources */,
				A539565C2C274213002DB50D /* Frameworks */,
				A539565D2C274213002DB50D /* Resources */,
			);
			buildRules = (
			);
			dependencies = (
			);
			name = Day42PaulHudsonMoonshot;
			productName = Day42PaulHudsonMoonshot;
			productReference = A539565F2C274213002DB50D /* Day42PaulHudsonMoonshot.app */;
			productType = "com.apple.product-type.application";
		};
/* End PBXNativeTarget section */

/* Begin PBXProject section */
		A53956572C274213002DB50D /* Project object */ = {
			isa = PBXProject;
			attributes = {
				BuildIndependentTargetsInParallel = 1;
				LastSwiftUpdateCheck = 1540;
				LastUpgradeCheck = 1540;
				TargetAttributes = {
					A539565E2C274213002DB50D = {
						CreatedOnToolsVersion = 15.4;
					};
				};
			};
			buildConfigurationList = A539565A2C274213002DB50D /* Build configuration list for PBXProject "Day42PaulHudsonMoonshot" */;
			compatibilityVersion = "Xcode 14.0";
			developmentRegion = en;
			hasScannedForEncodings = 0;
			knownRegions = (
				en,
				Base,
			);
			mainGroup = A53956562C274213002DB50D;
			productRefGroup = A53956602C274213002DB50D /* Products */;
			projectDirPath = "";
			projectRoot = "";
			targets = (
				A539565E2C274213002DB50D /* Day42PaulHudsonMoonshot */,
			);
		};
/* End PBXProject section */

/* Begin PBXResourcesBuildPhase section */
		A539565D2C274213002DB50D /* Resources */ = {
			isa = PBXResourcesBuildPhase;
			buildActionMask = 2147483647;
			files = (
				A539566A2C274214002DB50D /* Preview Assets.xcassets in Resources */,
				A53956922C2906F9002DB50D /* missions.json in Resources */,
				A53956672C274214002DB50D /* Assets.xcassets in Resources */,
				A53956932C2906F9002DB50D /* astronauts.json in Resources */,
			);
			runOnlyForDeploymentPostprocessing = 0;
		};
/* End PBXResourcesBuildPhase section */

/* Begin PBXSourcesBuildPhase section */
		A539565B2C274213002DB50D /* Sources */ = {
			isa = PBXSourcesBuildPhase;
			buildActionMask = 2147483647;
			files = (
				A539568D2C28DE21002DB50D /* MissionView.swift in Sources */,
				A53956752C28981E002DB50D /* Astronaut.swift in Sources */,
				A539568F2C290610002DB50D /* AstronautView.swift in Sources */,
				A560878D2C29BB5600BB3F1C /* Color-Theme.swift in Sources */,
				A53956652C274213002DB50D /* ContentView.swift in Sources */,
				A53956772C28989D002DB50D /* Missions.swift in Sources */,
				A53956632C274213002DB50D /* Day42PaulHudsonMoonshotApp.swift in Sources */,
				A539567D2C28ABB5002DB50D /* Bundle-Decodable.swift in Sources */,
			);
			runOnlyForDeploymentPostprocessing = 0;
		};
/* End PBXSourcesBuildPhase section */

/* Begin XCBuildConfiguration section */
		A539566B2C274214002DB50D /* Debug */ = {
			isa = XCBuildConfiguration;
			buildSettings = {
				ALWAYS_SEARCH_USER_PATHS = NO;
				ASSETCATALOG_COMPILER_GENERATE_SWIFT_ASSET_SYMBOL_EXTENSIONS = YES;
				CLANG_ANALYZER_NONNULL = YES;
				CLANG_ANALYZER_NUMBER_OBJECT_CONVERSION = YES_AGGRESSIVE;
				CLANG_CXX_LANGUAGE_STANDARD = "gnu++20";
				CLANG_ENABLE_MODULES = YES;
				CLANG_ENABLE_OBJC_ARC = YES;
				CLANG_ENABLE_OBJC_WEAK = YES;
				CLANG_WARN_BLOCK_CAPTURE_AUTORELEASING = YES;
				CLANG_WARN_BOOL_CONVERSION = YES;
				CLANG_WARN_COMMA = YES;
				CLANG_WARN_CONSTANT_CONVERSION = YES;
				CLANG_WARN_DEPRECATED_OBJC_IMPLEMENTATIONS = YES;
				CLANG_WARN_DIRECT_OBJC_ISA_USAGE = YES_ERROR;
				CLANG_WARN_DOCUMENTATION_COMMENTS = YES;
				CLANG_WARN_EMPTY_BODY = YES;
				CLANG_WARN_ENUM_CONVERSION = YES;
				CLANG_WARN_INFINITE_RECURSION = YES;
				CLANG_WARN_INT_CONVERSION = YES;
				CLANG_WARN_NON_LITERAL_NULL_CONVERSION = YES;
				CLANG_WARN_OBJC_IMPLICIT_RETAIN_SELF = YES;
				CLANG_WARN_OBJC_LITERAL_CONVERSION = YES;
				CLANG_WARN_OBJC_ROOT_CLASS = YES_ERROR;
				CLANG_WARN_QUOTED_INCLUDE_IN_FRAMEWORK_HEADER = YES;
				CLANG_WARN_RANGE_LOOP_ANALYSIS = YES;
				CLANG_WARN_STRICT_PROTOTYPES = YES;
				CLANG_WARN_SUSPICIOUS_MOVE = YES;
				CLANG_WARN_UNGUARDED_AVAILABILITY = YES_AGGRESSIVE;
				CLANG_WARN_UNREACHABLE_CODE = YES;
				CLANG_WARN__DUPLICATE_METHOD_MATCH = YES;
				COPY_PHASE_STRIP = NO;
				DEBUG_INFORMATION_FORMAT = dwarf;
				ENABLE_STRICT_OBJC_MSGSEND = YES;
				ENABLE_TESTABILITY = YES;
				ENABLE_USER_SCRIPT_SANDBOXING = YES;
				GCC_C_LANGUAGE_STANDARD = gnu17;
				GCC_DYNAMIC_NO_PIC = NO;
				GCC_NO_COMMON_BLOCKS = YES;
				GCC_OPTIMIZATION_LEVEL = 0;
				GCC_PREPROCESSOR_DEFINITIONS = (
					"DEBUG=1",
					"$(inherited)",
				);
				GCC_WARN_64_TO_32_BIT_CONVERSION = YES;
				GCC_WARN_ABOUT_RETURN_TYPE = YES_ERROR;
				GCC_WARN_UNDECLARED_SELECTOR = YES;
				GCC_WARN_UNINITIALIZED_AUTOS = YES_AGGRESSIVE;
				GCC_WARN_UNUSED_FUNCTION = YES;
				GCC_WARN_UNUSED_VARIABLE = YES;
				IPHONEOS_DEPLOYMENT_TARGET = 17.5;
				LOCALIZATION_PREFERS_STRING_CATALOGS = YES;
				MTL_ENABLE_DEBUG_INFO = INCLUDE_SOURCE;
				MTL_FAST_MATH = YES;
				ONLY_ACTIVE_ARCH = YES;
				SDKROOT = iphoneos;
				SWIFT_ACTIVE_COMPILATION_CONDITIONS = "DEBUG $(inherited)";
				SWIFT_OPTIMIZATION_LEVEL = "-Onone";
			};
			name = Debug;
		};
		A539566C2C274214002DB50D /* Release */ = {
			isa = XCBuildConfiguration;
			buildSettings = {
				ALWAYS_SEARCH_USER_PATHS = NO;
				ASSETCATALOG_COMPILER_GENERATE_SWIFT_ASSET_SYMBOL_EXTENSIONS = YES;
				CLANG_ANALYZER_NONNULL = YES;
				CLANG_ANALYZER_NUMBER_OBJECT_CONVERSION = YES_AGGRESSIVE;
				CLANG_CXX_LANGUAGE_STANDARD = "gnu++20";
				CLANG_ENABLE_MODULES = YES;
				CLANG_ENABLE_OBJC_ARC = YES;
				CLANG_ENABLE_OBJC_WEAK = YES;
				CLANG_WARN_BLOCK_CAPTURE_AUTORELEASING = YES;
				CLANG_WARN_BOOL_CONVERSION = YES;
				CLANG_WARN_COMMA = YES;
				CLANG_WARN_CONSTANT_CONVERSION = YES;
				CLANG_WARN_DEPRECATED_OBJC_IMPLEMENTATIONS = YES;
				CLANG_WARN_DIRECT_OBJC_ISA_USAGE = YES_ERROR;
				CLANG_WARN_DOCUMENTATION_COMMENTS = YES;
				CLANG_WARN_EMPTY_BODY = YES;
				CLANG_WARN_ENUM_CONVERSION = YES;
				CLANG_WARN_INFINITE_RECURSION = YES;
				CLANG_WARN_INT_CONVERSION = YES;
				CLANG_WARN_NON_LITERAL_NULL_CONVERSION = YES;
				CLANG_WARN_OBJC_IMPLICIT_RETAIN_SELF = YES;
				CLANG_WARN_OBJC_LITERAL_CONVERSION = YES;
				CLANG_WARN_OBJC_ROOT_CLASS = YES_ERROR;
				CLANG_WARN_QUOTED_INCLUDE_IN_FRAMEWORK_HEADER = YES;
				CLANG_WARN_RANGE_LOOP_ANALYSIS = YES;
				CLANG_WARN_STRICT_PROTOTYPES = YES;
				CLANG_WARN_SUSPICIOUS_MOVE = YES;
				CLANG_WARN_UNGUARDED_AVAILABILITY = YES_AGGRESSIVE;
				CLANG_WARN_UNREACHABLE_CODE = YES;
				CLANG_WARN__DUPLICATE_METHOD_MATCH = YES;
				COPY_PHASE_STRIP = NO;
				DEBUG_INFORMATION_FORMAT = "dwarf-with-dsym";
				ENABLE_NS_ASSERTIONS = NO;
				ENABLE_STRICT_OBJC_MSGSEND = YES;
				ENABLE_USER_SCRIPT_SANDBOXING = YES;
				GCC_C_LANGUAGE_STANDARD = gnu17;
				GCC_NO_COMMON_BLOCKS = YES;
				GCC_WARN_64_TO_32_BIT_CONVERSION = YES;
				GCC_WARN_ABOUT_RETURN_TYPE = YES_ERROR;
				GCC_WARN_UNDECLARED_SELECTOR = YES;
				GCC_WARN_UNINITIALIZED_AUTOS = YES_AGGRESSIVE;
				GCC_WARN_UNUSED_FUNCTION = YES;
				GCC_WARN_UNUSED_VARIABLE = YES;
				IPHONEOS_DEPLOYMENT_TARGET = 17.5;
				LOCALIZATION_PREFERS_STRING_CATALOGS = YES;
				MTL_ENABLE_DEBUG_INFO = NO;
				MTL_FAST_MATH = YES;
				SDKROOT = iphoneos;
				SWIFT_COMPILATION_MODE = wholemodule;
				VALIDATE_PRODUCT = YES;
			};
			name = Release;
		};
		A539566E2C274214002DB50D /* Debug */ = {
			isa = XCBuildConfiguration;
			buildSettings = {
				ASSETCATALOG_COMPILER_APPICON_NAME = AppIcon;
				ASSETCATALOG_COMPILER_GLOBAL_ACCENT_COLOR_NAME = AccentColor;
				CODE_SIGN_STYLE = Automatic;
				CURRENT_PROJECT_VERSION = 1;
				DEVELOPMENT_ASSET_PATHS = "\"Day42PaulHudsonMoonshot/Preview Content\"";
				DEVELOPMENT_TEAM = LBK7Y5YPPQ;
				ENABLE_PREVIEWS = YES;
				GENERATE_INFOPLIST_FILE = YES;
				INFOPLIST_KEY_UIApplicationSceneManifest_Generation = YES;
				INFOPLIST_KEY_UIApplicationSupportsIndirectInputEvents = YES;
				INFOPLIST_KEY_UILaunchScreen_Generation = YES;
				INFOPLIST_KEY_UISupportedInterfaceOrientations_iPad = "UIInterfaceOrientationPortrait UIInterfaceOrientationPortraitUpsideDown UIInterfaceOrientationLandscapeLeft UIInterfaceOrientationLandscapeRight";
				INFOPLIST_KEY_UISupportedInterfaceOrientations_iPhone = "UIInterfaceOrientationPortrait UIInterfaceOrientationLandscapeLeft UIInterfaceOrientationLandscapeRight";
				LD_RUNPATH_SEARCH_PATHS = (
					"$(inherited)",
					"@executable_path/Frameworks",
				);
				MARKETING_VERSION = 1.0;
				PRODUCT_BUNDLE_IDENTIFIER = com.manuel.Day42PaulHudsonMoonshot;
				PRODUCT_NAME = "$(TARGET_NAME)";
				SWIFT_EMIT_LOC_STRINGS = YES;
				SWIFT_VERSION = 5.0;
				TARGETED_DEVICE_FAMILY = "1,2";
			};
			name = Debug;
		};
		A539566F2C274214002DB50D /* Release */ = {
			isa = XCBuildConfiguration;
			buildSettings = {
				ASSETCATALOG_COMPILER_APPICON_NAME = AppIcon;
				ASSETCATALOG_COMPILER_GLOBAL_ACCENT_COLOR_NAME = AccentColor;
				CODE_SIGN_STYLE = Automatic;
				CURRENT_PROJECT_VERSION = 1;
				DEVELOPMENT_ASSET_PATHS = "\"Day42PaulHudsonMoonshot/Preview Content\"";
				DEVELOPMENT_TEAM = LBK7Y5YPPQ;
				ENABLE_PREVIEWS = YES;
				GENERATE_INFOPLIST_FILE = YES;
				INFOPLIST_KEY_UIApplicationSceneManifest_Generation = YES;
				INFOPLIST_KEY_UIApplicationSupportsIndirectInputEvents = YES;
				INFOPLIST_KEY_UILaunchScreen_Generation = YES;
				INFOPLIST_KEY_UISupportedInterfaceOrientations_iPad = "UIInterfaceOrientationPortrait UIInterfaceOrientationPortraitUpsideDown UIInterfaceOrientationLandscapeLeft UIInterfaceOrientationLandscapeRight";
				INFOPLIST_KEY_UISupportedInterfaceOrientations_iPhone = "UIInterfaceOrientationPortrait UIInterfaceOrientationLandscapeLeft UIInterfaceOrientationLandscapeRight";
				LD_RUNPATH_SEARCH_PATHS = (
					"$(inherited)",
					"@executable_path/Frameworks",
				);
				MARKETING_VERSION = 1.0;
				PRODUCT_BUNDLE_IDENTIFIER = com.manuel.Day42PaulHudsonMoonshot;
				PRODUCT_NAME = "$(TARGET_NAME)";
				SWIFT_EMIT_LOC_STRINGS = YES;
				SWIFT_VERSION = 5.0;
				TARGETED_DEVICE_FAMILY = "1,2";
			};
			name = Release;
		};
/* End XCBuildConfiguration section */

/* Begin XCConfigurationList section */
		A539565A2C274213002DB50D /* Build configuration list for PBXProject "Day42PaulHudsonMoonshot" */ = {
			isa = XCConfigurationList;
			buildConfigurations = (
				A539566B2C274214002DB50D /* Debug */,
				A539566C2C274214002DB50D /* Release */,
			);
			defaultConfigurationIsVisible = 0;
			defaultConfigurationName = Release;
		};
		A539566D2C274214002DB50D /* Build configuration list for PBXNativeTarget "Day42PaulHudsonMoonshot" */ = {
			isa = XCConfigurationList;
			buildConfigurations = (
				A539566E2C274214002DB50D /* Debug */,
				A539566F2C274214002DB50D /* Release */,
			);
			defaultConfigurationIsVisible = 0;
			defaultConfigurationName = Release;
		};
/* End XCConfigurationList section */
	};
	rootObject = A53956572C274213002DB50D /* Project object */;
}
