// !$*UTF8*$!
{
	archiveVersion = 1;
	classes = {
	};
	objectVersion = 56;
	objects = {

/* Begin PBXBuildFile section */
		A59A92992C3545CE00AFC80E /* Day55PaulHudsonBookwormApp.swift in Sources */ = {isa = PBXBuildFile; fileRef = A59A92982C3545CE00AFC80E /* Day55PaulHudsonBookwormApp.swift */; };
		A59A929B2C3545CE00AFC80E /* ContentView.swift in Sources */ = {isa = PBXBuildFile; fileRef = A59A929A2C3545CE00AFC80E /* ContentView.swift */; };
		A59A929D2C3545CF00AFC80E /* Assets.xcassets in Resources */ = {isa = PBXBuildFile; fileRef = A59A929C2C3545CF00AFC80E /* Assets.xcassets */; };
		A59A92A02C3545CF00AFC80E /* Preview Assets.xcassets in Resources */ = {isa = PBXBuildFile; fileRef = A59A929F2C3545CF00AFC80E /* Preview Assets.xcassets */; };
		A59A92A72C354AFB00AFC80E /* Book.swift in Sources */ = {isa = PBXBuildFile; fileRef = A59A92A62C354AFB00AFC80E /* Book.swift */; };
		A59A92A92C354B2600AFC80E /* AddBookView.swift in Sources */ = {isa = PBXBuildFile; fileRef = A59A92A82C354B2600AFC80E /* AddBookView.swift */; };
		A59A92AB2C354B4900AFC80E /* RatingView.swift in Sources */ = {isa = PBXBuildFile; fileRef = A59A92AA2C354B4900AFC80E /* RatingView.swift */; };
		A59A92AD2C354B7100AFC80E /* EmojiRatingView.swift in Sources */ = {isa = PBXBuildFile; fileRef = A59A92AC2C354B7100AFC80E /* EmojiRatingView.swift */; };
		A59A92AF2C354C8300AFC80E /* DetailView.swift in Sources */ = {isa = PBXBuildFile; fileRef = A59A92AE2C354C8300AFC80E /* DetailView.swift */; };
/* End PBXBuildFile section */

/* Begin PBXFileReference section */
		A59A92952C3545CE00AFC80E /* Day55PaulHudsonBookworm.app */ = {isa = PBXFileReference; explicitFileType = wrapper.application; includeInIndex = 0; path = Day55PaulHudsonBookworm.app; sourceTree = BUILT_PRODUCTS_DIR; };
		A59A92982C3545CE00AFC80E /* Day55PaulHudsonBookwormApp.swift */ = {isa = PBXFileReference; lastKnownFileType = sourcecode.swift; path = Day55PaulHudsonBookwormApp.swift; sourceTree = "<group>"; };
		A59A929A2C3545CE00AFC80E /* ContentView.swift */ = {isa = PBXFileReference; lastKnownFileType = sourcecode.swift; path = ContentView.swift; sourceTree = "<group>"; };
		A59A929C2C3545CF00AFC80E /* Assets.xcassets */ = {isa = PBXFileReference; lastKnownFileType = folder.assetcatalog; path = Assets.xcassets; sourceTree = "<group>"; };
		A59A929F2C3545CF00AFC80E /* Preview Assets.xcassets */ = {isa = PBXFileReference; lastKnownFileType = folder.assetcatalog; path = "Preview Assets.xcassets"; sourceTree = "<group>"; };
		A59A92A62C354AFB00AFC80E /* Book.swift */ = {isa = PBXFileReference; lastKnownFileType = sourcecode.swift; path = Book.swift; sourceTree = "<group>"; };
		A59A92A82C354B2600AFC80E /* AddBookView.swift */ = {isa = PBXFileReference; lastKnownFileType = sourcecode.swift; path = AddBookView.swift; sourceTree = "<group>"; };
		A59A92AA2C354B4900AFC80E /* RatingView.swift */ = {isa = PBXFileReference; lastKnownFileType = sourcecode.swift; path = RatingView.swift; sourceTree = "<group>"; };
		A59A92AC2C354B7100AFC80E /* EmojiRatingView.swift */ = {isa = PBXFileReference; lastKnownFileType = sourcecode.swift; path = EmojiRatingView.swift; sourceTree = "<group>"; };
		A59A92AE2C354C8300AFC80E /* DetailView.swift */ = {isa = PBXFileReference; lastKnownFileType = sourcecode.swift; path = DetailView.swift; sourceTree = "<group>"; };
/* End PBXFileReference section */

/* Begin PBXFrameworksBuildPhase section */
		A59A92922C3545CE00AFC80E /* Frameworks */ = {
			isa = PBXFrameworksBuildPhase;
			buildActionMask = 2147483647;
			files = (
			);
			runOnlyForDeploymentPostprocessing = 0;
		};
/* End PBXFrameworksBuildPhase section */

/* Begin PBXGroup section */
		A59A928C2C3545CE00AFC80E = {
			isa = PBXGroup;
			children = (
				A59A92972C3545CE00AFC80E /* Day55PaulHudsonBookworm */,
				A59A92962C3545CE00AFC80E /* Products */,
			);
			sourceTree = "<group>";
		};
		A59A92962C3545CE00AFC80E /* Products */ = {
			isa = PBXGroup;
			children = (
				A59A92952C3545CE00AFC80E /* Day55PaulHudsonBookworm.app */,
			);
			name = Products;
			sourceTree = "<group>";
		};
		A59A92972C3545CE00AFC80E /* Day55PaulHudsonBookworm */ = {
			isa = PBXGroup;
			children = (
				A59A92982C3545CE00AFC80E /* Day55PaulHudsonBookwormApp.swift */,
				A59A929A2C3545CE00AFC80E /* ContentView.swift */,
				A59A92AE2C354C8300AFC80E /* DetailView.swift */,
				A59A92A82C354B2600AFC80E /* AddBookView.swift */,
				A59A92AC2C354B7100AFC80E /* EmojiRatingView.swift */,
				A59A92AA2C354B4900AFC80E /* RatingView.swift */,
				A59A92A62C354AFB00AFC80E /* Book.swift */,
				A59A929C2C3545CF00AFC80E /* Assets.xcassets */,
				A59A929E2C3545CF00AFC80E /* Preview Content */,
			);
			path = Day55PaulHudsonBookworm;
			sourceTree = "<group>";
		};
		A59A929E2C3545CF00AFC80E /* Preview Content */ = {
			isa = PBXGroup;
			children = (
				A59A929F2C3545CF00AFC80E /* Preview Assets.xcassets */,
			);
			path = "Preview Content";
			sourceTree = "<group>";
		};
/* End PBXGroup section */

/* Begin PBXNativeTarget section */
		A59A92942C3545CE00AFC80E /* Day55PaulHudsonBookworm */ = {
			isa = PBXNativeTarget;
			buildConfigurationList = A59A92A32C3545CF00AFC80E /* Build configuration list for PBXNativeTarget "Day55PaulHudsonBookworm" */;
			buildPhases = (
				A59A92912C3545CE00AFC80E /* Sources */,
				A59A92922C3545CE00AFC80E /* Frameworks */,
				A59A92932C3545CE00AFC80E /* Resources */,
			);
			buildRules = (
			);
			dependencies = (
			);
			name = Day55PaulHudsonBookworm;
			productName = Day55PaulHudsonBookworm;
			productReference = A59A92952C3545CE00AFC80E /* Day55PaulHudsonBookworm.app */;
			productType = "com.apple.product-type.application";
		};
/* End PBXNativeTarget section */

/* Begin PBXProject section */
		A59A928D2C3545CE00AFC80E /* Project object */ = {
			isa = PBXProject;
			attributes = {
				BuildIndependentTargetsInParallel = 1;
				LastSwiftUpdateCheck = 1540;
				LastUpgradeCheck = 1540;
				TargetAttributes = {
					A59A92942C3545CE00AFC80E = {
						CreatedOnToolsVersion = 15.4;
					};
				};
			};
			buildConfigurationList = A59A92902C3545CE00AFC80E /* Build configuration list for PBXProject "Day55PaulHudsonBookworm" */;
			compatibilityVersion = "Xcode 14.0";
			developmentRegion = en;
			hasScannedForEncodings = 0;
			knownRegions = (
				en,
				Base,
			);
			mainGroup = A59A928C2C3545CE00AFC80E;
			productRefGroup = A59A92962C3545CE00AFC80E /* Products */;
			projectDirPath = "";
			projectRoot = "";
			targets = (
				A59A92942C3545CE00AFC80E /* Day55PaulHudsonBookworm */,
			);
		};
/* End PBXProject section */

/* Begin PBXResourcesBuildPhase section */
		A59A92932C3545CE00AFC80E /* Resources */ = {
			isa = PBXResourcesBuildPhase;
			buildActionMask = 2147483647;
			files = (
				A59A92A02C3545CF00AFC80E /* Preview Assets.xcassets in Resources */,
				A59A929D2C3545CF00AFC80E /* Assets.xcassets in Resources */,
			);
			runOnlyForDeploymentPostprocessing = 0;
		};
/* End PBXResourcesBuildPhase section */

/* Begin PBXSourcesBuildPhase section */
		A59A92912C3545CE00AFC80E /* Sources */ = {
			isa = PBXSourcesBuildPhase;
			buildActionMask = 2147483647;
			files = (
				A59A929B2C3545CE00AFC80E /* ContentView.swift in Sources */,
				A59A92992C3545CE00AFC80E /* Day55PaulHudsonBookwormApp.swift in Sources */,
				A59A92A72C354AFB00AFC80E /* Book.swift in Sources */,
				A59A92AF2C354C8300AFC80E /* DetailView.swift in Sources */,
				A59A92AB2C354B4900AFC80E /* RatingView.swift in Sources */,
				A59A92AD2C354B7100AFC80E /* EmojiRatingView.swift in Sources */,
				A59A92A92C354B2600AFC80E /* AddBookView.swift in Sources */,
			);
			runOnlyForDeploymentPostprocessing = 0;
		};
/* End PBXSourcesBuildPhase section */

/* Begin XCBuildConfiguration section */
		A59A92A12C3545CF00AFC80E /* Debug */ = {
			isa = XCBuildConfiguration;
			buildSettings = {
				ALWAYS_SEARCH_USER_PATHS = NO;
				ASSETCATALOG_COMPILER_GENERATE_SWIFT_ASSET_SYMBOL_EXTENSIONS = YES;
				CLANG_ANALYZER_NONNULL = YES;
				CLANG_ANALYZER_NUMBER_OBJECT_CONVERSION = YES_AGGRESSIVE;
				CLANG_CXX_LANGUAGE_STANDARD = "gnu++20";
				CLANG_ENABLE_MODULES = YES;
				CLANG_ENABLE_OBJC_ARC = YES;
				CLANG_ENABLE_OBJC_WEAK = YES;
				CLANG_WARN_BLOCK_CAPTURE_AUTORELEASING = YES;
				CLANG_WARN_BOOL_CONVERSION = YES;
				CLANG_WARN_COMMA = YES;
				CLANG_WARN_CONSTANT_CONVERSION = YES;
				CLANG_WARN_DEPRECATED_OBJC_IMPLEMENTATIONS = YES;
				CLANG_WARN_DIRECT_OBJC_ISA_USAGE = YES_ERROR;
				CLANG_WARN_DOCUMENTATION_COMMENTS = YES;
				CLANG_WARN_EMPTY_BODY = YES;
				CLANG_WARN_ENUM_CONVERSION = YES;
				CLANG_WARN_INFINITE_RECURSION = YES;
				CLANG_WARN_INT_CONVERSION = YES;
				CLANG_WARN_NON_LITERAL_NULL_CONVERSION = YES;
				CLANG_WARN_OBJC_IMPLICIT_RETAIN_SELF = YES;
				CLANG_WARN_OBJC_LITERAL_CONVERSION = YES;
				CLANG_WARN_OBJC_ROOT_CLASS = YES_ERROR;
				CLANG_WARN_QUOTED_INCLUDE_IN_FRAMEWORK_HEADER = YES;
				CLANG_WARN_RANGE_LOOP_ANALYSIS = YES;
				CLANG_WARN_STRICT_PROTOTYPES = YES;
				CLANG_WARN_SUSPICIOUS_MOVE = YES;
				CLANG_WARN_UNGUARDED_AVAILABILITY = YES_AGGRESSIVE;
				CLANG_WARN_UNREACHABLE_CODE = YES;
				CLANG_WARN__DUPLICATE_METHOD_MATCH = YES;
				COPY_PHASE_STRIP = NO;
				DEBUG_INFORMATION_FORMAT = dwarf;
				ENABLE_STRICT_OBJC_MSGSEND = YES;
				ENABLE_TESTABILITY = YES;
				ENABLE_USER_SCRIPT_SANDBOXING = YES;
				GCC_C_LANGUAGE_STANDARD = gnu17;
				GCC_DYNAMIC_NO_PIC = NO;
				GCC_NO_COMMON_BLOCKS = YES;
				GCC_OPTIMIZATION_LEVEL = 0;
				GCC_PREPROCESSOR_DEFINITIONS = (
					"DEBUG=1",
					"$(inherited)",
				);
				GCC_WARN_64_TO_32_BIT_CONVERSION = YES;
				GCC_WARN_ABOUT_RETURN_TYPE = YES_ERROR;
				GCC_WARN_UNDECLARED_SELECTOR = YES;
				GCC_WARN_UNINITIALIZED_AUTOS = YES_AGGRESSIVE;
				GCC_WARN_UNUSED_FUNCTION = YES;
				GCC_WARN_UNUSED_VARIABLE = YES;
				IPHONEOS_DEPLOYMENT_TARGET = 17.5;
				LOCALIZATION_PREFERS_STRING_CATALOGS = YES;
				MTL_ENABLE_DEBUG_INFO = INCLUDE_SOURCE;
				MTL_FAST_MATH = YES;
				ONLY_ACTIVE_ARCH = YES;
				SDKROOT = iphoneos;
				SWIFT_ACTIVE_COMPILATION_CONDITIONS = "DEBUG $(inherited)";
				SWIFT_OPTIMIZATION_LEVEL = "-Onone";
			};
			name = Debug;
		};
		A59A92A22C3545CF00AFC80E /* Release */ = {
			isa = XCBuildConfiguration;
			buildSettings = {
				ALWAYS_SEARCH_USER_PATHS = NO;
				ASSETCATALOG_COMPILER_GENERATE_SWIFT_ASSET_SYMBOL_EXTENSIONS = YES;
				CLANG_ANALYZER_NONNULL = YES;
				CLANG_ANALYZER_NUMBER_OBJECT_CONVERSION = YES_AGGRESSIVE;
				CLANG_CXX_LANGUAGE_STANDARD = "gnu++20";
				CLANG_ENABLE_MODULES = YES;
				CLANG_ENABLE_OBJC_ARC = YES;
				CLANG_ENABLE_OBJC_WEAK = YES;
				CLANG_WARN_BLOCK_CAPTURE_AUTORELEASING = YES;
				CLANG_WARN_BOOL_CONVERSION = YES;
				CLANG_WARN_COMMA = YES;
				CLANG_WARN_CONSTANT_CONVERSION = YES;
				CLANG_WARN_DEPRECATED_OBJC_IMPLEMENTATIONS = YES;
				CLANG_WARN_DIRECT_OBJC_ISA_USAGE = YES_ERROR;
				CLANG_WARN_DOCUMENTATION_COMMENTS = YES;
				CLANG_WARN_EMPTY_BODY = YES;
				CLANG_WARN_ENUM_CONVERSION = YES;
				CLANG_WARN_INFINITE_RECURSION = YES;
				CLANG_WARN_INT_CONVERSION = YES;
				CLANG_WARN_NON_LITERAL_NULL_CONVERSION = YES;
				CLANG_WARN_OBJC_IMPLICIT_RETAIN_SELF = YES;
				CLANG_WARN_OBJC_LITERAL_CONVERSION = YES;
				CLANG_WARN_OBJC_ROOT_CLASS = YES_ERROR;
				CLANG_WARN_QUOTED_INCLUDE_IN_FRAMEWORK_HEADER = YES;
				CLANG_WARN_RANGE_LOOP_ANALYSIS = YES;
				CLANG_WARN_STRICT_PROTOTYPES = YES;
				CLANG_WARN_SUSPICIOUS_MOVE = YES;
				CLANG_WARN_UNGUARDED_AVAILABILITY = YES_AGGRESSIVE;
				CLANG_WARN_UNREACHABLE_CODE = YES;
				CLANG_WARN__DUPLICATE_METHOD_MATCH = YES;
				COPY_PHASE_STRIP = NO;
				DEBUG_INFORMATION_FORMAT = "dwarf-with-dsym";
				ENABLE_NS_ASSERTIONS = NO;
				ENABLE_STRICT_OBJC_MSGSEND = YES;
				ENABLE_USER_SCRIPT_SANDBOXING = YES;
				GCC_C_LANGUAGE_STANDARD = gnu17;
				GCC_NO_COMMON_BLOCKS = YES;
				GCC_WARN_64_TO_32_BIT_CONVERSION = YES;
				GCC_WARN_ABOUT_RETURN_TYPE = YES_ERROR;
				GCC_WARN_UNDECLARED_SELECTOR = YES;
				GCC_WARN_UNINITIALIZED_AUTOS = YES_AGGRESSIVE;
				GCC_WARN_UNUSED_FUNCTION = YES;
				GCC_WARN_UNUSED_VARIABLE = YES;
				IPHONEOS_DEPLOYMENT_TARGET = 17.5;
				LOCALIZATION_PREFERS_STRING_CATALOGS = YES;
				MTL_ENABLE_DEBUG_INFO = NO;
				MTL_FAST_MATH = YES;
				SDKROOT = iphoneos;
				SWIFT_COMPILATION_MODE = wholemodule;
				VALIDATE_PRODUCT = YES;
			};
			name = Release;
		};
		A59A92A42C3545CF00AFC80E /* Debug */ = {
			isa = XCBuildConfiguration;
			buildSettings = {
				ASSETCATALOG_COMPILER_APPICON_NAME = AppIcon;
				ASSETCATALOG_COMPILER_GLOBAL_ACCENT_COLOR_NAME = AccentColor;
				CODE_SIGN_STYLE = Automatic;
				CURRENT_PROJECT_VERSION = 1;
				DEVELOPMENT_ASSET_PATHS = "\"Day55PaulHudsonBookworm/Preview Content\"";
				DEVELOPMENT_TEAM = LBK7Y5YPPQ;
				ENABLE_PREVIEWS = YES;
				GENERATE_INFOPLIST_FILE = YES;
				INFOPLIST_KEY_UIApplicationSceneManifest_Generation = YES;
				INFOPLIST_KEY_UIApplicationSupportsIndirectInputEvents = YES;
				INFOPLIST_KEY_UILaunchScreen_Generation = YES;
				INFOPLIST_KEY_UISupportedInterfaceOrientations_iPad = "UIInterfaceOrientationPortrait UIInterfaceOrientationPortraitUpsideDown UIInterfaceOrientationLandscapeLeft UIInterfaceOrientationLandscapeRight";
				INFOPLIST_KEY_UISupportedInterfaceOrientations_iPhone = "UIInterfaceOrientationPortrait UIInterfaceOrientationLandscapeLeft UIInterfaceOrientationLandscapeRight";
				LD_RUNPATH_SEARCH_PATHS = (
					"$(inherited)",
					"@executable_path/Frameworks",
				);
				MARKETING_VERSION = 1.0;
				PRODUCT_BUNDLE_IDENTIFIER = com.manuel.Day55PaulHudsonBookworm;
				PRODUCT_NAME = "$(TARGET_NAME)";
				SWIFT_EMIT_LOC_STRINGS = YES;
				SWIFT_VERSION = 5.0;
				TARGETED_DEVICE_FAMILY = "1,2";
			};
			name = Debug;
		};
		A59A92A52C3545CF00AFC80E /* Release */ = {
			isa = XCBuildConfiguration;
			buildSettings = {
				ASSETCATALOG_COMPILER_APPICON_NAME = AppIcon;
				ASSETCATALOG_COMPILER_GLOBAL_ACCENT_COLOR_NAME = AccentColor;
				CODE_SIGN_STYLE = Automatic;
				CURRENT_PROJECT_VERSION = 1;
				DEVELOPMENT_ASSET_PATHS = "\"Day55PaulHudsonBookworm/Preview Content\"";
				DEVELOPMENT_TEAM = LBK7Y5YPPQ;
				ENABLE_PREVIEWS = YES;
				GENERATE_INFOPLIST_FILE = YES;
				INFOPLIST_KEY_UIApplicationSceneManifest_Generation = YES;
				INFOPLIST_KEY_UIApplicationSupportsIndirectInputEvents = YES;
				INFOPLIST_KEY_UILaunchScreen_Generation = YES;
				INFOPLIST_KEY_UISupportedInterfaceOrientations_iPad = "UIInterfaceOrientationPortrait UIInterfaceOrientationPortraitUpsideDown UIInterfaceOrientationLandscapeLeft UIInterfaceOrientationLandscapeRight";
				INFOPLIST_KEY_UISupportedInterfaceOrientations_iPhone = "UIInterfaceOrientationPortrait UIInterfaceOrientationLandscapeLeft UIInterfaceOrientationLandscapeRight";
				LD_RUNPATH_SEARCH_PATHS = (
					"$(inherited)",
					"@executable_path/Frameworks",
				);
				MARKETING_VERSION = 1.0;
				PRODUCT_BUNDLE_IDENTIFIER = com.manuel.Day55PaulHudsonBookworm;
				PRODUCT_NAME = "$(TARGET_NAME)";
				SWIFT_EMIT_LOC_STRINGS = YES;
				SWIFT_VERSION = 5.0;
				TARGETED_DEVICE_FAMILY = "1,2";
			};
			name = Release;
		};
/* End XCBuildConfiguration section */

/* Begin XCConfigurationList section */
		A59A92902C3545CE00AFC80E /* Build configuration list for PBXProject "Day55PaulHudsonBookworm" */ = {
			isa = XCConfigurationList;
			buildConfigurations = (
				A59A92A12C3545CF00AFC80E /* Debug */,
				A59A92A22C3545CF00AFC80E /* Release */,
			);
			defaultConfigurationIsVisible = 0;
			defaultConfigurationName = Release;
		};
		A59A92A32C3545CF00AFC80E /* Build configuration list for PBXNativeTarget "Day55PaulHudsonBookworm" */ = {
			isa = XCConfigurationList;
			buildConfigurations = (
				A59A92A42C3545CF00AFC80E /* Debug */,
				A59A92A52C3545CF00AFC80E /* Release */,
			);
			defaultConfigurationIsVisible = 0;
			defaultConfigurationName = Release;
		};
/* End XCConfigurationList section */
	};
	rootObject = A59A928D2C3545CE00AFC80E /* Project object */;
}
